
Microsoft Visual Studio Solution File, Format Version 12.00
# Visual Studio Version 17
VisualStudioVersion = 17.2.32519.379
MinimumVisualStudioVersion = 10.0.40219.1
Project("{FAE04EC0-301F-11D3-BF4B-00C04F79EFBC}") = "Ex1", "Ex1\Ex1.csproj", "{8166D471-6898-4E7F-B997-62ADDF8955D0}"
EndProject
Project("{FAE04EC0-301F-11D3-BF4B-00C04F79EFBC}") = "Ex2", "Ex2\Ex2.csproj", "{0DE2ABDD-D8F7-4D20-9E88-2DB4EE8D46D6}"
EndProject
Project("{FAE04EC0-301F-11D3-BF4B-00C04F79EFBC}") = "Ex3", "Ex3\Ex3.csproj", "{260AFAC7-633F-485F-90A1-64EDED9D5E93}"
EndProject
Project("{FAE04EC0-301F-11D3-BF4B-00C04F79EFBC}") = "Ex5", "Ex5\Ex5.csproj", "{346159C1-55D8-437C-967F-38EF0AECED06}"
EndProject
Project("{FAE04EC0-301F-11D3-BF4B-00C04F79EFBC}") = "Ex4", "Ex4\Ex4.csproj", "{0C4AC6D1-02B0-43AB-BACC-DEEAC6C82C25}"
EndProject
Project("{FAE04EC0-301F-11D3-BF4B-00C04F79EFBC}") = "Ex6", "Ex6\Ex6.csproj", "{CACCF347-0BF3-45C2-9EC5-5B72F7933437}"
EndProject
Project("{FAE04EC0-301F-11D3-BF4B-00C04F79EFBC}") = "Ex7", "Ex7\Ex7.csproj", "{A05E336E-C9E1-4E5E-8427-56DA0B17ED30}"
EndProject
Project("{FAE04EC0-301F-11D3-BF4B-00C04F79EFBC}") = "Ex8", "Ex8\Ex8.csproj", "{ED638861-AEA0-4794-86C6-27134E4FFE3A}"
EndProject
Project("{FAE04EC0-301F-11D3-BF4B-00C04F79EFBC}") = "Ex9", "Ex9\Ex9.csproj", "{1EA09D21-086F-4348-A91C-50E236B7CA70}"
EndProject
Global
	GlobalSection(SolutionConfigurationPlatforms) = preSolution
		Debug|Any CPU = Debug|Any CPU
		Release|Any CPU = Release|Any CPU
	EndGlobalSection
	GlobalSection(ProjectConfigurationPlatforms) = postSolution
		{8166D471-6898-4E7F-B997-62ADDF8955D0}.Debug|Any CPU.ActiveCfg = Debug|Any CPU
		{8166D471-6898-4E7F-B997-62ADDF8955D0}.Debug|Any CPU.Build.0 = Debug|Any CPU
		{8166D471-6898-4E7F-B997-62ADDF8955D0}.Release|Any CPU.ActiveCfg = Release|Any CPU
		{8166D471-6898-4E7F-B997-62ADDF8955D0}.Release|Any CPU.Build.0 = Release|Any CPU
		{0DE2ABDD-D8F7-4D20-9E88-2DB4EE8D46D6}.Debug|Any CPU.ActiveCfg = Debug|Any CPU
		{0DE2ABDD-D8F7-4D20-9E88-2DB4EE8D46D6}.Debug|Any CPU.Build.0 = Debug|Any CPU
		{0DE2ABDD-D8F7-4D20-9E88-2DB4EE8D46D6}.Release|Any CPU.ActiveCfg = Release|Any CPU
		{0DE2ABDD-D8F7-4D20-9E88-2DB4EE8D46D6}.Release|Any CPU.Build.0 = Release|Any CPU
		{260AFAC7-633F-485F-90A1-64EDED9D5E93}.Debug|Any CPU.ActiveCfg = Debug|Any CPU
		{260AFAC7-633F-485F-90A1-64EDED9D5E93}.Debug|Any CPU.Build.0 = Debug|Any CPU
		{260AFAC7-633F-485F-90A1-64EDED9D5E93}.Release|Any CPU.ActiveCfg = Release|Any CPU
		{260AFAC7-633F-485F-90A1-64EDED9D5E93}.Release|Any CPU.Build.0 = Release|Any CPU
		{346159C1-55D8-437C-967F-38EF0AECED06}.Debug|Any CPU.ActiveCfg = Debug|Any CPU
		{346159C1-55D8-437C-967F-38EF0AECED06}.Debug|Any CPU.Build.0 = Debug|Any CPU
		{346159C1-55D8-437C-967F-38EF0AECED06}.Release|Any CPU.ActiveCfg = Release|Any CPU
		{346159C1-55D8-437C-967F-38EF0AECED06}.Release|Any CPU.Build.0 = Release|Any CPU
		{0C4AC6D1-02B0-43AB-BACC-DEEAC6C82C25}.Debug|Any CPU.ActiveCfg = Debug|Any CPU
		{0C4AC6D1-02B0-43AB-BACC-DEEAC6C82C25}.Debug|Any CPU.Build.0 = Debug|Any CPU
		{0C4AC6D1-02B0-43AB-BACC-DEEAC6C82C25}.Release|Any CPU.ActiveCfg = Release|Any CPU
		{0C4AC6D1-02B0-43AB-BACC-DEEAC6C82C25}.Release|Any CPU.Build.0 = Release|Any CPU
		{CACCF347-0BF3-45C2-9EC5-5B72F7933437}.Debug|Any CPU.ActiveCfg = Debug|Any CPU
		{CACCF347-0BF3-45C2-9EC5-5B72F7933437}.Debug|Any CPU.Build.0 = Debug|Any CPU
		{CACCF347-0BF3-45C2-9EC5-5B72F7933437}.Release|Any CPU.ActiveCfg = Release|Any CPU
		{CACCF347-0BF3-45C2-9EC5-5B72F7933437}.Release|Any CPU.Build.0 = Release|Any CPU
		{A05E336E-C9E1-4E5E-8427-56DA0B17ED30}.Debug|Any CPU.ActiveCfg = Debug|Any CPU
		{A05E336E-C9E1-4E5E-8427-56DA0B17ED30}.Debug|Any CPU.Build.0 = Debug|Any CPU
		{A05E336E-C9E1-4E5E-8427-56DA0B17ED30}.Release|Any CPU.ActiveCfg = Release|Any CPU
		{A05E336E-C9E1-4E5E-8427-56DA0B17ED30}.Release|Any CPU.Build.0 = Release|Any CPU
		{ED638861-AEA0-4794-86C6-27134E4FFE3A}.Debug|Any CPU.ActiveCfg = Debug|Any CPU
		{ED638861-AEA0-4794-86C6-27134E4FFE3A}.Debug|Any CPU.Build.0 = Debug|Any CPU
		{ED638861-AEA0-4794-86C6-27134E4FFE3A}.Release|Any CPU.ActiveCfg = Release|Any CPU
		{ED638861-AEA0-4794-86C6-27134E4FFE3A}.Release|Any CPU.Build.0 = Release|Any CPU
		{1EA09D21-086F-4348-A91C-50E236B7CA70}.Debug|Any CPU.ActiveCfg = Debug|Any CPU
		{1EA09D21-086F-4348-A91C-50E236B7CA70}.Debug|Any CPU.Build.0 = Debug|Any CPU
		{1EA09D21-086F-4348-A91C-50E236B7CA70}.Release|Any CPU.ActiveCfg = Release|Any CPU
		{1EA09D21-086F-4348-A91C-50E236B7CA70}.Release|Any CPU.Build.0 = Release|Any CPU
	EndGlobalSection
	GlobalSection(SolutionProperties) = preSolution
		HideSolutionNode = FALSE
	EndGlobalSection
	GlobalSection(ExtensibilityGlobals) = postSolution
		SolutionGuid = {51799DE1-8458-40B3-BC04-2AF82E26DEB5}
	EndGlobalSection
EndGlobal
